
Microsoft Visual Studio Solution File, Format Version 12.00
# Visual Studio Version 17
VisualStudioVersion = 17.1.32421.90
MinimumVisualStudioVersion = 10.0.40219.1
Project("{FAE04EC0-301F-11D3-BF4B-00C04F79EFBC}") = "metodenumericePuteri", "metodenumericePuteri\metodenumericePuteri.csproj", "{94B99248-94BA-4B2A-B653-5A3F867412B0}"
EndProject
Global
	GlobalSection(SolutionConfigurationPlatforms) = preSolution
		Debug|Any CPU = Debug|Any CPU
		Release|Any CPU = Release|Any CPU
	EndGlobalSection
	GlobalSection(ProjectConfigurationPlatforms) = postSolution
		{94B99248-94BA-4B2A-B653-5A3F867412B0}.Debug|Any CPU.ActiveCfg = Debug|Any CPU
		{94B99248-94BA-4B2A-B653-5A3F867412B0}.Debug|Any CPU.Build.0 = Debug|Any CPU
		{94B99248-94BA-4B2A-B653-5A3F867412B0}.Release|Any CPU.ActiveCfg = Release|Any CPU
		{94B99248-94BA-4B2A-B653-5A3F867412B0}.Release|Any CPU.Build.0 = Release|Any CPU
	EndGlobalSection
	GlobalSection(SolutionProperties) = preSolution
		HideSolutionNode = FALSE
	EndGlobalSection
	GlobalSection(ExtensibilityGlobals) = postSolution
		SolutionGuid = {D50FA6F5-6053-4C4F-80E0-090FA357E841}
	EndGlobalSection
EndGlobal
